// !$*UTF8*$!
{
	archiveVersion = 1;
	classes = {
	};
	objectVersion = 46;
	objects = {

/* Begin PBXBuildFile section */
		595D36201BE5435500A386EA /* PutioFilesController.swift in Sources */ = {isa = PBXBuildFile; fileRef = 595D361F1BE5435500A386EA /* PutioFilesController.swift */; };
		595D36221BE544B700A386EA /* File.swift in Sources */ = {isa = PBXBuildFile; fileRef = 595D36211BE544B700A386EA /* File.swift */; };
		595D36241BE54A0900A386EA /* FileCell.swift in Sources */ = {isa = PBXBuildFile; fileRef = 595D36231BE54A0900A386EA /* FileCell.swift */; };
		597D306E1BEFA12900504B04 /* OfflineVC.swift in Sources */ = {isa = PBXBuildFile; fileRef = 597D306D1BEFA12900504B04 /* OfflineVC.swift */; };
		598FFB7B1D7C974E0076172C /* FilesController.swift in Sources */ = {isa = PBXBuildFile; fileRef = 598FFB7A1D7C974E0076172C /* FilesController.swift */; };
		59B751C21BE677F50048513C /* FileDetailVC.swift in Sources */ = {isa = PBXBuildFile; fileRef = 59B751C11BE677F50048513C /* FileDetailVC.swift */; };
		59B751C41BE6872E0048513C /* LoginVC.swift in Sources */ = {isa = PBXBuildFile; fileRef = 59B751C31BE6872E0048513C /* LoginVC.swift */; };
		59B751CA1BE6A0A80048513C /* Reachability.swift in Sources */ = {isa = PBXBuildFile; fileRef = 59B751C91BE6A0A80048513C /* Reachability.swift */; };
		59C495121BE5788600FA4B12 /* MediaPlayer.framework in Frameworks */ = {isa = PBXBuildFile; fileRef = 59C495111BE5788600FA4B12 /* MediaPlayer.framework */; };
		59D1DFCC1BE4C1390074A7C6 /* AppDelegate.swift in Sources */ = {isa = PBXBuildFile; fileRef = 59D1DFCB1BE4C1390074A7C6 /* AppDelegate.swift */; };
		59D1DFCE1BE4C1390074A7C6 /* FileListVC.swift in Sources */ = {isa = PBXBuildFile; fileRef = 59D1DFCD1BE4C1390074A7C6 /* FileListVC.swift */; };
		59D1DFD11BE4C1390074A7C6 /* Main.storyboard in Resources */ = {isa = PBXBuildFile; fileRef = 59D1DFCF1BE4C1390074A7C6 /* Main.storyboard */; };
		59D1DFD41BE4C1390074A7C6 /* putio.xcdatamodeld in Sources */ = {isa = PBXBuildFile; fileRef = 59D1DFD21BE4C1390074A7C6 /* putio.xcdatamodeld */; };
		59D1DFD61BE4C1390074A7C6 /* Assets.xcassets in Resources */ = {isa = PBXBuildFile; fileRef = 59D1DFD51BE4C1390074A7C6 /* Assets.xcassets */; };
		59D1DFD91BE4C1390074A7C6 /* LaunchScreen.storyboard in Resources */ = {isa = PBXBuildFile; fileRef = 59D1DFD71BE4C1390074A7C6 /* LaunchScreen.storyboard */; };
		59D1DFE41BE4C1390074A7C6 /* putioTests.swift in Sources */ = {isa = PBXBuildFile; fileRef = 59D1DFE31BE4C1390074A7C6 /* putioTests.swift */; };
		59D1DFEF1BE4C1390074A7C6 /* putioUITests.swift in Sources */ = {isa = PBXBuildFile; fileRef = 59D1DFEE1BE4C1390074A7C6 /* putioUITests.swift */; };
		59DCE51D1BE5576800087EA8 /* WebViewVC.swift in Sources */ = {isa = PBXBuildFile; fileRef = 59DCE51C1BE5576800087EA8 /* WebViewVC.swift */; };
		62D7C9D53B609ADE8572D1E0 /* Pods_putio.framework in Frameworks */ = {isa = PBXBuildFile; fileRef = 58948D5477692F173B578369 /* Pods_putio.framework */; };
/* End PBXBuildFile section */

/* Begin PBXContainerItemProxy section */
		59D1DFE01BE4C1390074A7C6 /* PBXContainerItemProxy */ = {
			isa = PBXContainerItemProxy;
			containerPortal = 59D1DFC01BE4C1390074A7C6 /* Project object */;
			proxyType = 1;
			remoteGlobalIDString = 59D1DFC71BE4C1390074A7C6;
			remoteInfo = putio;
		};
		59D1DFEB1BE4C1390074A7C6 /* PBXContainerItemProxy */ = {
			isa = PBXContainerItemProxy;
			containerPortal = 59D1DFC01BE4C1390074A7C6 /* Project object */;
			proxyType = 1;
			remoteGlobalIDString = 59D1DFC71BE4C1390074A7C6;
			remoteInfo = putio;
		};
/* End PBXContainerItemProxy section */

/* Begin PBXCopyFilesBuildPhase section */
		5926C8A61BEC13A200804C18 /* Embed Frameworks */ = {
			isa = PBXCopyFilesBuildPhase;
			buildActionMask = 2147483647;
			dstPath = "";
			dstSubfolderSpec = 10;
			files = (
			);
			name = "Embed Frameworks";
			runOnlyForDeploymentPostprocessing = 0;
		};
/* End PBXCopyFilesBuildPhase section */

/* Begin PBXFileReference section */
		0F7242FD04B2CB3AE357BBED /* Pods-putio.release.xcconfig */ = {isa = PBXFileReference; includeInIndex = 1; lastKnownFileType = text.xcconfig; name = "Pods-putio.release.xcconfig"; path = "Pods/Target Support Files/Pods-putio/Pods-putio.release.xcconfig"; sourceTree = "<group>"; };
		58948D5477692F173B578369 /* Pods_putio.framework */ = {isa = PBXFileReference; explicitFileType = wrapper.framework; includeInIndex = 0; path = Pods_putio.framework; sourceTree = BUILT_PRODUCTS_DIR; };
		595D361F1BE5435500A386EA /* PutioFilesController.swift */ = {isa = PBXFileReference; fileEncoding = 4; lastKnownFileType = sourcecode.swift; path = PutioFilesController.swift; sourceTree = "<group>"; };
		595D36211BE544B700A386EA /* File.swift */ = {isa = PBXFileReference; fileEncoding = 4; lastKnownFileType = sourcecode.swift; path = File.swift; sourceTree = "<group>"; };
		595D36231BE54A0900A386EA /* FileCell.swift */ = {isa = PBXFileReference; fileEncoding = 4; lastKnownFileType = sourcecode.swift; path = FileCell.swift; sourceTree = "<group>"; };
		597D306D1BEFA12900504B04 /* OfflineVC.swift */ = {isa = PBXFileReference; fileEncoding = 4; lastKnownFileType = sourcecode.swift; path = OfflineVC.swift; sourceTree = "<group>"; };
		598FFB7A1D7C974E0076172C /* FilesController.swift */ = {isa = PBXFileReference; fileEncoding = 4; lastKnownFileType = sourcecode.swift; path = FilesController.swift; sourceTree = "<group>"; };
		59B751C11BE677F50048513C /* FileDetailVC.swift */ = {isa = PBXFileReference; fileEncoding = 4; lastKnownFileType = sourcecode.swift; path = FileDetailVC.swift; sourceTree = "<group>"; };
		59B751C31BE6872E0048513C /* LoginVC.swift */ = {isa = PBXFileReference; fileEncoding = 4; lastKnownFileType = sourcecode.swift; path = LoginVC.swift; sourceTree = "<group>"; };
		59B751C91BE6A0A80048513C /* Reachability.swift */ = {isa = PBXFileReference; fileEncoding = 4; lastKnownFileType = sourcecode.swift; path = Reachability.swift; sourceTree = "<group>"; };
		59C495111BE5788600FA4B12 /* MediaPlayer.framework */ = {isa = PBXFileReference; lastKnownFileType = wrapper.framework; name = MediaPlayer.framework; path = System/Library/Frameworks/MediaPlayer.framework; sourceTree = SDKROOT; };
		59D1DFC81BE4C1390074A7C6 /* putio.app */ = {isa = PBXFileReference; explicitFileType = wrapper.application; includeInIndex = 0; path = putio.app; sourceTree = BUILT_PRODUCTS_DIR; };
		59D1DFCB1BE4C1390074A7C6 /* AppDelegate.swift */ = {isa = PBXFileReference; lastKnownFileType = sourcecode.swift; path = AppDelegate.swift; sourceTree = "<group>"; };
		59D1DFCD1BE4C1390074A7C6 /* FileListVC.swift */ = {isa = PBXFileReference; lastKnownFileType = sourcecode.swift; path = FileListVC.swift; sourceTree = "<group>"; };
		59D1DFD01BE4C1390074A7C6 /* Base */ = {isa = PBXFileReference; lastKnownFileType = file.storyboard; name = Base; path = Base.lproj/Main.storyboard; sourceTree = "<group>"; };
		59D1DFD31BE4C1390074A7C6 /* putio.xcdatamodel */ = {isa = PBXFileReference; lastKnownFileType = wrapper.xcdatamodel; path = putio.xcdatamodel; sourceTree = "<group>"; };
		59D1DFD51BE4C1390074A7C6 /* Assets.xcassets */ = {isa = PBXFileReference; lastKnownFileType = folder.assetcatalog; path = Assets.xcassets; sourceTree = "<group>"; };
		59D1DFD81BE4C1390074A7C6 /* Base */ = {isa = PBXFileReference; lastKnownFileType = file.storyboard; name = Base; path = Base.lproj/LaunchScreen.storyboard; sourceTree = "<group>"; };
		59D1DFDA1BE4C1390074A7C6 /* Info.plist */ = {isa = PBXFileReference; lastKnownFileType = text.plist.xml; path = Info.plist; sourceTree = "<group>"; };
		59D1DFDF1BE4C1390074A7C6 /* putioTests.xctest */ = {isa = PBXFileReference; explicitFileType = wrapper.cfbundle; includeInIndex = 0; path = putioTests.xctest; sourceTree = BUILT_PRODUCTS_DIR; };
		59D1DFE31BE4C1390074A7C6 /* putioTests.swift */ = {isa = PBXFileReference; lastKnownFileType = sourcecode.swift; path = putioTests.swift; sourceTree = "<group>"; };
		59D1DFE51BE4C1390074A7C6 /* Info.plist */ = {isa = PBXFileReference; lastKnownFileType = text.plist.xml; path = Info.plist; sourceTree = "<group>"; };
		59D1DFEA1BE4C1390074A7C6 /* putioUITests.xctest */ = {isa = PBXFileReference; explicitFileType = wrapper.cfbundle; includeInIndex = 0; path = putioUITests.xctest; sourceTree = BUILT_PRODUCTS_DIR; };
		59D1DFEE1BE4C1390074A7C6 /* putioUITests.swift */ = {isa = PBXFileReference; lastKnownFileType = sourcecode.swift; path = putioUITests.swift; sourceTree = "<group>"; };
		59D1DFF01BE4C1390074A7C6 /* Info.plist */ = {isa = PBXFileReference; lastKnownFileType = text.plist.xml; path = Info.plist; sourceTree = "<group>"; };
		59DCE51C1BE5576800087EA8 /* WebViewVC.swift */ = {isa = PBXFileReference; fileEncoding = 4; lastKnownFileType = sourcecode.swift; path = WebViewVC.swift; sourceTree = "<group>"; };
		7FB297AE4F7BFC1BD9109D1F /* Pods-putio.debug.xcconfig */ = {isa = PBXFileReference; includeInIndex = 1; lastKnownFileType = text.xcconfig; name = "Pods-putio.debug.xcconfig"; path = "Pods/Target Support Files/Pods-putio/Pods-putio.debug.xcconfig"; sourceTree = "<group>"; };
/* End PBXFileReference section */

/* Begin PBXFrameworksBuildPhase section */
		59D1DFC51BE4C1390074A7C6 /* Frameworks */ = {
			isa = PBXFrameworksBuildPhase;
			buildActionMask = 2147483647;
			files = (
				59C495121BE5788600FA4B12 /* MediaPlayer.framework in Frameworks */,
				62D7C9D53B609ADE8572D1E0 /* Pods_putio.framework in Frameworks */,
			);
			runOnlyForDeploymentPostprocessing = 0;
		};
		59D1DFDC1BE4C1390074A7C6 /* Frameworks */ = {
			isa = PBXFrameworksBuildPhase;
			buildActionMask = 2147483647;
			files = (
			);
			runOnlyForDeploymentPostprocessing = 0;
		};
		59D1DFE71BE4C1390074A7C6 /* Frameworks */ = {
			isa = PBXFrameworksBuildPhase;
			buildActionMask = 2147483647;
			files = (
			);
			runOnlyForDeploymentPostprocessing = 0;
		};
/* End PBXFrameworksBuildPhase section */

/* Begin PBXGroup section */
		46333BD59674ECC0E8A2AAFA /* Frameworks */ = {
			isa = PBXGroup;
			children = (
				58948D5477692F173B578369 /* Pods_putio.framework */,
			);
			name = Frameworks;
			sourceTree = "<group>";
		};
		598FFB791D7C97410076172C /* Controllers */ = {
			isa = PBXGroup;
			children = (
				598FFB7A1D7C974E0076172C /* FilesController.swift */,
				595D361F1BE5435500A386EA /* PutioFilesController.swift */,
			);
			name = Controllers;
			sourceTree = "<group>";
		};
		59B751C01BE677DF0048513C /* ViewControllers */ = {
			isa = PBXGroup;
			children = (
				59B751C11BE677F50048513C /* FileDetailVC.swift */,
				59D1DFCD1BE4C1390074A7C6 /* FileListVC.swift */,
				59B751C31BE6872E0048513C /* LoginVC.swift */,
				597D306D1BEFA12900504B04 /* OfflineVC.swift */,
				59DCE51C1BE5576800087EA8 /* WebViewVC.swift */,
			);
			name = ViewControllers;
			sourceTree = "<group>";
		};
		59B751C51BE69BF70048513C /* Layout */ = {
			isa = PBXGroup;
			children = (
				595D36231BE54A0900A386EA /* FileCell.swift */,
			);
			name = Layout;
			sourceTree = "<group>";
		};
		59B751C61BE69C080048513C /* Models */ = {
			isa = PBXGroup;
			children = (
				595D36211BE544B700A386EA /* File.swift */,
			);
			name = Models;
			sourceTree = "<group>";
		};
		59B751C81BE6A09A0048513C /* Helpers */ = {
			isa = PBXGroup;
			children = (
				59B751C91BE6A0A80048513C /* Reachability.swift */,
			);
			name = Helpers;
			sourceTree = "<group>";
		};
		59D1DFBF1BE4C1390074A7C6 = {
			isa = PBXGroup;
			children = (
				59C495111BE5788600FA4B12 /* MediaPlayer.framework */,
				59D1DFCA1BE4C1390074A7C6 /* putio */,
				59D1DFE21BE4C1390074A7C6 /* putioTests */,
				59D1DFED1BE4C1390074A7C6 /* putioUITests */,
				59D1DFC91BE4C1390074A7C6 /* Products */,
				BAC5DF11248FB312C08D50D0 /* Pods */,
				46333BD59674ECC0E8A2AAFA /* Frameworks */,
			);
			sourceTree = "<group>";
		};
		59D1DFC91BE4C1390074A7C6 /* Products */ = {
			isa = PBXGroup;
			children = (
				59D1DFC81BE4C1390074A7C6 /* putio.app */,
				59D1DFDF1BE4C1390074A7C6 /* putioTests.xctest */,
				59D1DFEA1BE4C1390074A7C6 /* putioUITests.xctest */,
			);
			name = Products;
			sourceTree = "<group>";
		};
		59D1DFCA1BE4C1390074A7C6 /* putio */ = {
			isa = PBXGroup;
			children = (
				598FFB791D7C97410076172C /* Controllers */,
				59B751C81BE6A09A0048513C /* Helpers */,
				59B751C51BE69BF70048513C /* Layout */,
				59B751C61BE69C080048513C /* Models */,
				59B751C01BE677DF0048513C /* ViewControllers */,
				59D1DFCB1BE4C1390074A7C6 /* AppDelegate.swift */,
				59D1DFCF1BE4C1390074A7C6 /* Main.storyboard */,
				59D1DFD51BE4C1390074A7C6 /* Assets.xcassets */,
				59D1DFD71BE4C1390074A7C6 /* LaunchScreen.storyboard */,
				59D1DFDA1BE4C1390074A7C6 /* Info.plist */,
				59D1DFD21BE4C1390074A7C6 /* putio.xcdatamodeld */,
			);
			path = putio;
			sourceTree = "<group>";
		};
		59D1DFE21BE4C1390074A7C6 /* putioTests */ = {
			isa = PBXGroup;
			children = (
				59D1DFE31BE4C1390074A7C6 /* putioTests.swift */,
				59D1DFE51BE4C1390074A7C6 /* Info.plist */,
			);
			path = putioTests;
			sourceTree = "<group>";
		};
		59D1DFED1BE4C1390074A7C6 /* putioUITests */ = {
			isa = PBXGroup;
			children = (
				59D1DFEE1BE4C1390074A7C6 /* putioUITests.swift */,
				59D1DFF01BE4C1390074A7C6 /* Info.plist */,
			);
			path = putioUITests;
			sourceTree = "<group>";
		};
		BAC5DF11248FB312C08D50D0 /* Pods */ = {
			isa = PBXGroup;
			children = (
				7FB297AE4F7BFC1BD9109D1F /* Pods-putio.debug.xcconfig */,
				0F7242FD04B2CB3AE357BBED /* Pods-putio.release.xcconfig */,
			);
			name = Pods;
			sourceTree = "<group>";
		};
/* End PBXGroup section */

/* Begin PBXNativeTarget section */
		59D1DFC71BE4C1390074A7C6 /* putio */ = {
			isa = PBXNativeTarget;
			buildConfigurationList = 59D1DFF31BE4C1390074A7C6 /* Build configuration list for PBXNativeTarget "putio" */;
			buildPhases = (
				CE7D042F18E373BAAD7EAB4C /* [CP] Check Pods Manifest.lock */,
				59D1DFC41BE4C1390074A7C6 /* Sources */,
				59D1DFC51BE4C1390074A7C6 /* Frameworks */,
				59D1DFC61BE4C1390074A7C6 /* Resources */,
				5926C8A61BEC13A200804C18 /* Embed Frameworks */,
				C5A32D03E0FA8933AEF25159 /* [CP] Embed Pods Frameworks */,
				8F5A0A7A76C6E159FAA39C71 /* [CP] Copy Pods Resources */,
			);
			buildRules = (
			);
			dependencies = (
			);
			name = putio;
			productName = putio;
			productReference = 59D1DFC81BE4C1390074A7C6 /* putio.app */;
			productType = "com.apple.product-type.application";
		};
		59D1DFDE1BE4C1390074A7C6 /* putioTests */ = {
			isa = PBXNativeTarget;
			buildConfigurationList = 59D1DFF61BE4C1390074A7C6 /* Build configuration list for PBXNativeTarget "putioTests" */;
			buildPhases = (
				59D1DFDB1BE4C1390074A7C6 /* Sources */,
				59D1DFDC1BE4C1390074A7C6 /* Frameworks */,
				59D1DFDD1BE4C1390074A7C6 /* Resources */,
			);
			buildRules = (
			);
			dependencies = (
				59D1DFE11BE4C1390074A7C6 /* PBXTargetDependency */,
			);
			name = putioTests;
			productName = putioTests;
			productReference = 59D1DFDF1BE4C1390074A7C6 /* putioTests.xctest */;
			productType = "com.apple.product-type.bundle.unit-test";
		};
		59D1DFE91BE4C1390074A7C6 /* putioUITests */ = {
			isa = PBXNativeTarget;
			buildConfigurationList = 59D1DFF91BE4C1390074A7C6 /* Build configuration list for PBXNativeTarget "putioUITests" */;
			buildPhases = (
				59D1DFE61BE4C1390074A7C6 /* Sources */,
				59D1DFE71BE4C1390074A7C6 /* Frameworks */,
				59D1DFE81BE4C1390074A7C6 /* Resources */,
			);
			buildRules = (
			);
			dependencies = (
				59D1DFEC1BE4C1390074A7C6 /* PBXTargetDependency */,
			);
			name = putioUITests;
			productName = putioUITests;
			productReference = 59D1DFEA1BE4C1390074A7C6 /* putioUITests.xctest */;
			productType = "com.apple.product-type.bundle.ui-testing";
		};
/* End PBXNativeTarget section */

/* Begin PBXProject section */
		59D1DFC01BE4C1390074A7C6 /* Project object */ = {
			isa = PBXProject;
			attributes = {
				LastSwiftUpdateCheck = 0710;
				LastUpgradeCheck = 0710;
				ORGANIZATIONNAME = "Javi Manzano";
				TargetAttributes = {
					59D1DFC71BE4C1390074A7C6 = {
						CreatedOnToolsVersion = 7.1;
						DevelopmentTeam = YE3SHNA22A;
					};
					59D1DFDE1BE4C1390074A7C6 = {
						CreatedOnToolsVersion = 7.1;
						TestTargetID = 59D1DFC71BE4C1390074A7C6;
					};
					59D1DFE91BE4C1390074A7C6 = {
						CreatedOnToolsVersion = 7.1;
						TestTargetID = 59D1DFC71BE4C1390074A7C6;
					};
				};
			};
			buildConfigurationList = 59D1DFC31BE4C1390074A7C6 /* Build configuration list for PBXProject "putio" */;
			compatibilityVersion = "Xcode 3.2";
			developmentRegion = English;
			hasScannedForEncodings = 0;
			knownRegions = (
				en,
				Base,
			);
			mainGroup = 59D1DFBF1BE4C1390074A7C6;
			productRefGroup = 59D1DFC91BE4C1390074A7C6 /* Products */;
			projectDirPath = "";
			projectRoot = "";
			targets = (
				59D1DFC71BE4C1390074A7C6 /* putio */,
				59D1DFDE1BE4C1390074A7C6 /* putioTests */,
				59D1DFE91BE4C1390074A7C6 /* putioUITests */,
			);
		};
/* End PBXProject section */

/* Begin PBXResourcesBuildPhase section */
		59D1DFC61BE4C1390074A7C6 /* Resources */ = {
			isa = PBXResourcesBuildPhase;
			buildActionMask = 2147483647;
			files = (
				59D1DFD91BE4C1390074A7C6 /* LaunchScreen.storyboard in Resources */,
				59D1DFD61BE4C1390074A7C6 /* Assets.xcassets in Resources */,
				59D1DFD11BE4C1390074A7C6 /* Main.storyboard in Resources */,
			);
			runOnlyForDeploymentPostprocessing = 0;
		};
		59D1DFDD1BE4C1390074A7C6 /* Resources */ = {
			isa = PBXResourcesBuildPhase;
			buildActionMask = 2147483647;
			files = (
			);
			runOnlyForDeploymentPostprocessing = 0;
		};
		59D1DFE81BE4C1390074A7C6 /* Resources */ = {
			isa = PBXResourcesBuildPhase;
			buildActionMask = 2147483647;
			files = (
			);
			runOnlyForDeploymentPostprocessing = 0;
		};
/* End PBXResourcesBuildPhase section */

/* Begin PBXShellScriptBuildPhase section */
		8F5A0A7A76C6E159FAA39C71 /* [CP] Copy Pods Resources */ = {
			isa = PBXShellScriptBuildPhase;
			buildActionMask = 2147483647;
			files = (
			);
			inputPaths = (
			);
			name = "[CP] Copy Pods Resources";
			outputPaths = (
			);
			runOnlyForDeploymentPostprocessing = 0;
			shellPath = /bin/sh;
			shellScript = "\"${SRCROOT}/Pods/Target Support Files/Pods-putio/Pods-putio-resources.sh\"\n";
			showEnvVarsInLog = 0;
		};
		C5A32D03E0FA8933AEF25159 /* [CP] Embed Pods Frameworks */ = {
			isa = PBXShellScriptBuildPhase;
			buildActionMask = 2147483647;
			files = (
			);
			inputPaths = (
			);
			name = "[CP] Embed Pods Frameworks";
			outputPaths = (
			);
			runOnlyForDeploymentPostprocessing = 0;
			shellPath = /bin/sh;
			shellScript = "\"${SRCROOT}/Pods/Target Support Files/Pods-putio/Pods-putio-frameworks.sh\"\n";
			showEnvVarsInLog = 0;
		};
		CE7D042F18E373BAAD7EAB4C /* [CP] Check Pods Manifest.lock */ = {
			isa = PBXShellScriptBuildPhase;
			buildActionMask = 2147483647;
			files = (
			);
			inputPaths = (
			);
			name = "[CP] Check Pods Manifest.lock";
			outputPaths = (
			);
			runOnlyForDeploymentPostprocessing = 0;
			shellPath = /bin/sh;
			shellScript = "diff \"${PODS_ROOT}/../Podfile.lock\" \"${PODS_ROOT}/Manifest.lock\" > /dev/null\nif [ $? != 0 ] ; then\n    # print error to STDERR\n    echo \"error: The sandbox is not in sync with the Podfile.lock. Run 'pod install' or update your CocoaPods installation.\" >&2\n    exit 1\nfi\n";
			showEnvVarsInLog = 0;
		};
/* End PBXShellScriptBuildPhase section */

/* Begin PBXSourcesBuildPhase section */
		59D1DFC41BE4C1390074A7C6 /* Sources */ = {
			isa = PBXSourcesBuildPhase;
			buildActionMask = 2147483647;
			files = (
				59B751C41BE6872E0048513C /* LoginVC.swift in Sources */,
				595D36221BE544B700A386EA /* File.swift in Sources */,
				59D1DFD41BE4C1390074A7C6 /* putio.xcdatamodeld in Sources */,
				598FFB7B1D7C974E0076172C /* FilesController.swift in Sources */,
				597D306E1BEFA12900504B04 /* OfflineVC.swift in Sources */,
				59B751C21BE677F50048513C /* FileDetailVC.swift in Sources */,
				59D1DFCE1BE4C1390074A7C6 /* FileListVC.swift in Sources */,
				595D36241BE54A0900A386EA /* FileCell.swift in Sources */,
				59D1DFCC1BE4C1390074A7C6 /* AppDelegate.swift in Sources */,
				595D36201BE5435500A386EA /* PutioFilesController.swift in Sources */,
				59B751CA1BE6A0A80048513C /* Reachability.swift in Sources */,
				59DCE51D1BE5576800087EA8 /* WebViewVC.swift in Sources */,
			);
			runOnlyForDeploymentPostprocessing = 0;
		};
		59D1DFDB1BE4C1390074A7C6 /* Sources */ = {
			isa = PBXSourcesBuildPhase;
			buildActionMask = 2147483647;
			files = (
				59D1DFE41BE4C1390074A7C6 /* putioTests.swift in Sources */,
			);
			runOnlyForDeploymentPostprocessing = 0;
		};
		59D1DFE61BE4C1390074A7C6 /* Sources */ = {
			isa = PBXSourcesBuildPhase;
			buildActionMask = 2147483647;
			files = (
				59D1DFEF1BE4C1390074A7C6 /* putioUITests.swift in Sources */,
			);
			runOnlyForDeploymentPostprocessing = 0;
		};
/* End PBXSourcesBuildPhase section */

/* Begin PBXTargetDependency section */
		59D1DFE11BE4C1390074A7C6 /* PBXTargetDependency */ = {
			isa = PBXTargetDependency;
			target = 59D1DFC71BE4C1390074A7C6 /* putio */;
			targetProxy = 59D1DFE01BE4C1390074A7C6 /* PBXContainerItemProxy */;
		};
		59D1DFEC1BE4C1390074A7C6 /* PBXTargetDependency */ = {
			isa = PBXTargetDependency;
			target = 59D1DFC71BE4C1390074A7C6 /* putio */;
			targetProxy = 59D1DFEB1BE4C1390074A7C6 /* PBXContainerItemProxy */;
		};
/* End PBXTargetDependency section */

/* Begin PBXVariantGroup section */
		59D1DFCF1BE4C1390074A7C6 /* Main.storyboard */ = {
			isa = PBXVariantGroup;
			children = (
				59D1DFD01BE4C1390074A7C6 /* Base */,
			);
			name = Main.storyboard;
			sourceTree = "<group>";
		};
		59D1DFD71BE4C1390074A7C6 /* LaunchScreen.storyboard */ = {
			isa = PBXVariantGroup;
			children = (
				59D1DFD81BE4C1390074A7C6 /* Base */,
			);
			name = LaunchScreen.storyboard;
			sourceTree = "<group>";
		};
/* End PBXVariantGroup section */

/* Begin XCBuildConfiguration section */
		59D1DFF11BE4C1390074A7C6 /* Debug */ = {
			isa = XCBuildConfiguration;
			buildSettings = {
				ALWAYS_SEARCH_USER_PATHS = NO;
				CLANG_CXX_LANGUAGE_STANDARD = "gnu++0x";
				CLANG_CXX_LIBRARY = "libc++";
				CLANG_ENABLE_MODULES = YES;
				CLANG_ENABLE_OBJC_ARC = YES;
				CLANG_WARN_BOOL_CONVERSION = YES;
				CLANG_WARN_CONSTANT_CONVERSION = YES;
				CLANG_WARN_DIRECT_OBJC_ISA_USAGE = YES_ERROR;
				CLANG_WARN_EMPTY_BODY = YES;
				CLANG_WARN_ENUM_CONVERSION = YES;
				CLANG_WARN_INT_CONVERSION = YES;
				CLANG_WARN_OBJC_ROOT_CLASS = YES_ERROR;
				CLANG_WARN_UNREACHABLE_CODE = YES;
				CLANG_WARN__DUPLICATE_METHOD_MATCH = YES;
				"CODE_SIGN_IDENTITY[sdk=iphoneos*]" = "iPhone Developer";
				COPY_PHASE_STRIP = NO;
				DEBUG_INFORMATION_FORMAT = dwarf;
				ENABLE_STRICT_OBJC_MSGSEND = YES;
				ENABLE_TESTABILITY = YES;
				GCC_C_LANGUAGE_STANDARD = gnu99;
				GCC_DYNAMIC_NO_PIC = NO;
				GCC_NO_COMMON_BLOCKS = YES;
				GCC_OPTIMIZATION_LEVEL = 0;
				GCC_PREPROCESSOR_DEFINITIONS = (
					"DEBUG=1",
					"$(inherited)",
				);
				GCC_WARN_64_TO_32_BIT_CONVERSION = YES;
				GCC_WARN_ABOUT_RETURN_TYPE = YES_ERROR;
				GCC_WARN_UNDECLARED_SELECTOR = YES;
				GCC_WARN_UNINITIALIZED_AUTOS = YES_AGGRESSIVE;
				GCC_WARN_UNUSED_FUNCTION = YES;
				GCC_WARN_UNUSED_VARIABLE = YES;
				IPHONEOS_DEPLOYMENT_TARGET = 9.1;
				MTL_ENABLE_DEBUG_INFO = YES;
				ONLY_ACTIVE_ARCH = YES;
				SDKROOT = iphoneos;
				SWIFT_OPTIMIZATION_LEVEL = "-Onone";
				TARGETED_DEVICE_FAMILY = "1,2";
			};
			name = Debug;
		};
		59D1DFF21BE4C1390074A7C6 /* Release */ = {
			isa = XCBuildConfiguration;
			buildSettings = {
				ALWAYS_SEARCH_USER_PATHS = NO;
				CLANG_CXX_LANGUAGE_STANDARD = "gnu++0x";
				CLANG_CXX_LIBRARY = "libc++";
				CLANG_ENABLE_MODULES = YES;
				CLANG_ENABLE_OBJC_ARC = YES;
				CLANG_WARN_BOOL_CONVERSION = YES;
				CLANG_WARN_CONSTANT_CONVERSION = YES;
				CLANG_WARN_DIRECT_OBJC_ISA_USAGE = YES_ERROR;
				CLANG_WARN_EMPTY_BODY = YES;
				CLANG_WARN_ENUM_CONVERSION = YES;
				CLANG_WARN_INT_CONVERSION = YES;
				CLANG_WARN_OBJC_ROOT_CLASS = YES_ERROR;
				CLANG_WARN_UNREACHABLE_CODE = YES;
				CLANG_WARN__DUPLICATE_METHOD_MATCH = YES;
				"CODE_SIGN_IDENTITY[sdk=iphoneos*]" = "iPhone Developer";
				COPY_PHASE_STRIP = NO;
				DEBUG_INFORMATION_FORMAT = "dwarf-with-dsym";
				ENABLE_NS_ASSERTIONS = NO;
				ENABLE_STRICT_OBJC_MSGSEND = YES;
				GCC_C_LANGUAGE_STANDARD = gnu99;
				GCC_NO_COMMON_BLOCKS = YES;
				GCC_WARN_64_TO_32_BIT_CONVERSION = YES;
				GCC_WARN_ABOUT_RETURN_TYPE = YES_ERROR;
				GCC_WARN_UNDECLARED_SELECTOR = YES;
				GCC_WARN_UNINITIALIZED_AUTOS = YES_AGGRESSIVE;
				GCC_WARN_UNUSED_FUNCTION = YES;
				GCC_WARN_UNUSED_VARIABLE = YES;
				IPHONEOS_DEPLOYMENT_TARGET = 9.1;
				MTL_ENABLE_DEBUG_INFO = NO;
				SDKROOT = iphoneos;
				TARGETED_DEVICE_FAMILY = "1,2";
				VALIDATE_PRODUCT = YES;
			};
			name = Release;
		};
		59D1DFF41BE4C1390074A7C6 /* Debug */ = {
			isa = XCBuildConfiguration;
			baseConfigurationReference = 7FB297AE4F7BFC1BD9109D1F /* Pods-putio.debug.xcconfig */;
			buildSettings = {
				ASSETCATALOG_COMPILER_APPICON_NAME = AppIcon;
				CODE_SIGN_IDENTITY = "iPhone Developer";
				EMBEDDED_CONTENT_CONTAINS_SWIFT = YES;
				INFOPLIST_FILE = putio/Info.plist;
				IPHONEOS_DEPLOYMENT_TARGET = 9.3;
				LD_RUNPATH_SEARCH_PATHS = "$(inherited) @executable_path/Frameworks";
				PRODUCT_BUNDLE_IDENTIFIER = com.javiman.putio;
				PRODUCT_NAME = "$(TARGET_NAME)";
			};
			name = Debug;
		};
		59D1DFF51BE4C1390074A7C6 /* Release */ = {
			isa = XCBuildConfiguration;
			baseConfigurationReference = 0F7242FD04B2CB3AE357BBED /* Pods-putio.release.xcconfig */;
			buildSettings = {
				ASSETCATALOG_COMPILER_APPICON_NAME = AppIcon;
				CODE_SIGN_IDENTITY = "iPhone Developer";
				EMBEDDED_CONTENT_CONTAINS_SWIFT = YES;
				INFOPLIST_FILE = putio/Info.plist;
				IPHONEOS_DEPLOYMENT_TARGET = 9.3;
				LD_RUNPATH_SEARCH_PATHS = "$(inherited) @executable_path/Frameworks";
				PRODUCT_BUNDLE_IDENTIFIER = com.javiman.putio;
				PRODUCT_NAME = "$(TARGET_NAME)";
			};
			name = Release;
		};
		59D1DFF71BE4C1390074A7C6 /* Debug */ = {
			isa = XCBuildConfiguration;
			buildSettings = {
				BUNDLE_LOADER = "$(TEST_HOST)";
				INFOPLIST_FILE = putioTests/Info.plist;
				LD_RUNPATH_SEARCH_PATHS = "$(inherited) @executable_path/Frameworks @loader_path/Frameworks";
				PRODUCT_BUNDLE_IDENTIFIER = com.javiman.putioTests;
				PRODUCT_NAME = "$(TARGET_NAME)";
				TEST_HOST = "$(BUILT_PRODUCTS_DIR)/putio.app/putio";
			};
			name = Debug;
		};
		59D1DFF81BE4C1390074A7C6 /* Release */ = {
			isa = XCBuildConfiguration;
			buildSettings = {
				BUNDLE_LOADER = "$(TEST_HOST)";
				INFOPLIST_FILE = putioTests/Info.plist;
				LD_RUNPATH_SEARCH_PATHS = "$(inherited) @executable_path/Frameworks @loader_path/Frameworks";
				PRODUCT_BUNDLE_IDENTIFIER = com.javiman.putioTests;
				PRODUCT_NAME = "$(TARGET_NAME)";
				TEST_HOST = "$(BUILT_PRODUCTS_DIR)/putio.app/putio";
			};
			name = Release;
		};
		59D1DFFA1BE4C1390074A7C6 /* Debug */ = {
			isa = XCBuildConfiguration;
			buildSettings = {
				INFOPLIST_FILE = putioUITests/Info.plist;
				LD_RUNPATH_SEARCH_PATHS = "$(inherited) @executable_path/Frameworks @loader_path/Frameworks";
				PRODUCT_BUNDLE_IDENTIFIER = com.javiman.putioUITests;
				PRODUCT_NAME = "$(TARGET_NAME)";
				TEST_TARGET_NAME = putio;
				USES_XCTRUNNER = YES;
			};
			name = Debug;
		};
		59D1DFFB1BE4C1390074A7C6 /* Release */ = {
			isa = XCBuildConfiguration;
			buildSettings = {
				INFOPLIST_FILE = putioUITests/Info.plist;
				LD_RUNPATH_SEARCH_PATHS = "$(inherited) @executable_path/Frameworks @loader_path/Frameworks";
				PRODUCT_BUNDLE_IDENTIFIER = com.javiman.putioUITests;
				PRODUCT_NAME = "$(TARGET_NAME)";
				TEST_TARGET_NAME = putio;
				USES_XCTRUNNER = YES;
			};
			name = Release;
		};
/* End XCBuildConfiguration section */

/* Begin XCConfigurationList section */
		59D1DFC31BE4C1390074A7C6 /* Build configuration list for PBXProject "putio" */ = {
			isa = XCConfigurationList;
			buildConfigurations = (
				59D1DFF11BE4C1390074A7C6 /* Debug */,
				59D1DFF21BE4C1390074A7C6 /* Release */,
			);
			defaultConfigurationIsVisible = 0;
			defaultConfigurationName = Release;
		};
		59D1DFF31BE4C1390074A7C6 /* Build configuration list for PBXNativeTarget "putio" */ = {
			isa = XCConfigurationList;
			buildConfigurations = (
				59D1DFF41BE4C1390074A7C6 /* Debug */,
				59D1DFF51BE4C1390074A7C6 /* Release */,
			);
			defaultConfigurationIsVisible = 0;
			defaultConfigurationName = Release;
		};
		59D1DFF61BE4C1390074A7C6 /* Build configuration list for PBXNativeTarget "putioTests" */ = {
			isa = XCConfigurationList;
			buildConfigurations = (
				59D1DFF71BE4C1390074A7C6 /* Debug */,
				59D1DFF81BE4C1390074A7C6 /* Release */,
			);
			defaultConfigurationIsVisible = 0;
			defaultConfigurationName = Release;
		};
		59D1DFF91BE4C1390074A7C6 /* Build configuration list for PBXNativeTarget "putioUITests" */ = {
			isa = XCConfigurationList;
			buildConfigurations = (
				59D1DFFA1BE4C1390074A7C6 /* Debug */,
				59D1DFFB1BE4C1390074A7C6 /* Release */,
			);
			defaultConfigurationIsVisible = 0;
			defaultConfigurationName = Release;
		};
/* End XCConfigurationList section */

/* Begin XCVersionGroup section */
		59D1DFD21BE4C1390074A7C6 /* putio.xcdatamodeld */ = {
			isa = XCVersionGroup;
			children = (
				59D1DFD31BE4C1390074A7C6 /* putio.xcdatamodel */,
			);
			currentVersion = 59D1DFD31BE4C1390074A7C6 /* putio.xcdatamodel */;
			path = putio.xcdatamodeld;
			sourceTree = "<group>";
			versionGroupType = wrapper.xcdatamodel;
		};
/* End XCVersionGroup section */
	};
	rootObject = 59D1DFC01BE4C1390074A7C6 /* Project object */;
}
